// !$*UTF8*$!
{
	archiveVersion = 1;
	classes = {
	};
	objectVersion = 46;
	objects = {

/* Begin PBXBuildFile section */
		B0FEF6071E346ADF007CFA72 /* AppDelegate.swift in Sources */ = {isa = PBXBuildFile; fileRef = B0FEF6061E346ADF007CFA72 /* AppDelegate.swift */; };
		B0FEF6091E346ADF007CFA72 /* ViewController.swift in Sources */ = {isa = PBXBuildFile; fileRef = B0FEF6081E346ADF007CFA72 /* ViewController.swift */; };
		B0FEF60C1E346ADF007CFA72 /* Main.storyboard in Resources */ = {isa = PBXBuildFile; fileRef = B0FEF60A1E346ADF007CFA72 /* Main.storyboard */; };
		B0FEF60E1E346ADF007CFA72 /* Assets.xcassets in Resources */ = {isa = PBXBuildFile; fileRef = B0FEF60D1E346ADF007CFA72 /* Assets.xcassets */; };
		B0FEF6111E346ADF007CFA72 /* LaunchScreen.storyboard in Resources */ = {isa = PBXBuildFile; fileRef = B0FEF60F1E346ADF007CFA72 /* LaunchScreen.storyboard */; };
		B0FEF61C1E346ADF007CFA72 /* pristineTests.swift in Sources */ = {isa = PBXBuildFile; fileRef = B0FEF61B1E346ADF007CFA72 /* pristineTests.swift */; };
		B0FEF6271E346ADF007CFA72 /* pristineUITests.swift in Sources */ = {isa = PBXBuildFile; fileRef = B0FEF6261E346ADF007CFA72 /* pristineUITests.swift */; };
/* End PBXBuildFile section */

/* Begin PBXContainerItemProxy section */
		B0FEF6181E346ADF007CFA72 /* PBXContainerItemProxy */ = {
			isa = PBXContainerItemProxy;
			containerPortal = B0FEF5FB1E346ADF007CFA72 /* Project object */;
			proxyType = 1;
			remoteGlobalIDString = B0FEF6021E346ADF007CFA72;
			remoteInfo = pristine;
		};
		B0FEF6231E346ADF007CFA72 /* PBXContainerItemProxy */ = {
			isa = PBXContainerItemProxy;
			containerPortal = B0FEF5FB1E346ADF007CFA72 /* Project object */;
			proxyType = 1;
			remoteGlobalIDString = B0FEF6021E346ADF007CFA72;
			remoteInfo = pristine;
		};
/* End PBXContainerItemProxy section */

/* Begin PBXFileReference section */
		B0FEF6031E346ADF007CFA72 /* pristine.app */ = {isa = PBXFileReference; explicitFileType = wrapper.application; includeInIndex = 0; path = pristine.app; sourceTree = BUILT_PRODUCTS_DIR; };
		B0FEF6061E346ADF007CFA72 /* AppDelegate.swift */ = {isa = PBXFileReference; lastKnownFileType = sourcecode.swift; path = AppDelegate.swift; sourceTree = "<group>"; };
		B0FEF6081E346ADF007CFA72 /* ViewController.swift */ = {isa = PBXFileReference; lastKnownFileType = sourcecode.swift; path = ViewController.swift; sourceTree = "<group>"; };
		B0FEF60B1E346ADF007CFA72 /* Base */ = {isa = PBXFileReference; lastKnownFileType = file.storyboard; name = Base; path = Base.lproj/Main.storyboard; sourceTree = "<group>"; };
		B0FEF60D1E346ADF007CFA72 /* Assets.xcassets */ = {isa = PBXFileReference; lastKnownFileType = folder.assetcatalog; path = Assets.xcassets; sourceTree = "<group>"; };
		B0FEF6101E346ADF007CFA72 /* Base */ = {isa = PBXFileReference; lastKnownFileType = file.storyboard; name = Base; path = Base.lproj/LaunchScreen.storyboard; sourceTree = "<group>"; };
		B0FEF6121E346ADF007CFA72 /* Info.plist */ = {isa = PBXFileReference; lastKnownFileType = text.plist.xml; path = Info.plist; sourceTree = "<group>"; };
		B0FEF6171E346ADF007CFA72 /* pristineTests.xctest */ = {isa = PBXFileReference; explicitFileType = wrapper.cfbundle; includeInIndex = 0; path = pristineTests.xctest; sourceTree = BUILT_PRODUCTS_DIR; };
		B0FEF61B1E346ADF007CFA72 /* pristineTests.swift */ = {isa = PBXFileReference; lastKnownFileType = sourcecode.swift; path = pristineTests.swift; sourceTree = "<group>"; };
		B0FEF61D1E346ADF007CFA72 /* Info.plist */ = {isa = PBXFileReference; lastKnownFileType = text.plist.xml; path = Info.plist; sourceTree = "<group>"; };
		B0FEF6221E346ADF007CFA72 /* pristineUITests.xctest */ = {isa = PBXFileReference; explicitFileType = wrapper.cfbundle; includeInIndex = 0; path = pristineUITests.xctest; sourceTree = BUILT_PRODUCTS_DIR; };
		B0FEF6261E346ADF007CFA72 /* pristineUITests.swift */ = {isa = PBXFileReference; lastKnownFileType = sourcecode.swift; path = pristineUITests.swift; sourceTree = "<group>"; };
		B0FEF6281E346ADF007CFA72 /* Info.plist */ = {isa = PBXFileReference; lastKnownFileType = text.plist.xml; path = Info.plist; sourceTree = "<group>"; };
/* End PBXFileReference section */

/* Begin PBXFrameworksBuildPhase section */
		B0FEF6001E346ADF007CFA72 /* Frameworks */ = {
			isa = PBXFrameworksBuildPhase;
			buildActionMask = 2147483647;
			files = (
			);
			runOnlyForDeploymentPostprocessing = 0;
		};
		B0FEF6141E346ADF007CFA72 /* Frameworks */ = {
			isa = PBXFrameworksBuildPhase;
			buildActionMask = 2147483647;
			files = (
			);
			runOnlyForDeploymentPostprocessing = 0;
		};
		B0FEF61F1E346ADF007CFA72 /* Frameworks */ = {
			isa = PBXFrameworksBuildPhase;
			buildActionMask = 2147483647;
			files = (
			);
			runOnlyForDeploymentPostprocessing = 0;
		};
/* End PBXFrameworksBuildPhase section */

/* Begin PBXGroup section */
		B0FEF5FA1E346ADF007CFA72 = {
			isa = PBXGroup;
			children = (
				B0FEF6051E346ADF007CFA72 /* pristine */,
				B0FEF61A1E346ADF007CFA72 /* pristineTests */,
				B0FEF6251E346ADF007CFA72 /* pristineUITests */,
				B0FEF6041E346ADF007CFA72 /* Products */,
			);
			sourceTree = "<group>";
		};
		B0FEF6041E346ADF007CFA72 /* Products */ = {
			isa = PBXGroup;
			children = (
				B0FEF6031E346ADF007CFA72 /* pristine.app */,
				B0FEF6171E346ADF007CFA72 /* pristineTests.xctest */,
				B0FEF6221E346ADF007CFA72 /* pristineUITests.xctest */,
			);
			name = Products;
			sourceTree = "<group>";
		};
		B0FEF6051E346ADF007CFA72 /* pristine */ = {
			isa = PBXGroup;
			children = (
				B0FEF6061E346ADF007CFA72 /* AppDelegate.swift */,
				B0FEF6081E346ADF007CFA72 /* ViewController.swift */,
				B0FEF60A1E346ADF007CFA72 /* Main.storyboard */,
				B0FEF60D1E346ADF007CFA72 /* Assets.xcassets */,
				B0FEF60F1E346ADF007CFA72 /* LaunchScreen.storyboard */,
				B0FEF6121E346ADF007CFA72 /* Info.plist */,
			);
			path = pristine;
			sourceTree = "<group>";
		};
		B0FEF61A1E346ADF007CFA72 /* pristineTests */ = {
			isa = PBXGroup;
			children = (
				B0FEF61B1E346ADF007CFA72 /* pristineTests.swift */,
				B0FEF61D1E346ADF007CFA72 /* Info.plist */,
			);
			path = pristineTests;
			sourceTree = "<group>";
		};
		B0FEF6251E346ADF007CFA72 /* pristineUITests */ = {
			isa = PBXGroup;
			children = (
				B0FEF6261E346ADF007CFA72 /* pristineUITests.swift */,
				B0FEF6281E346ADF007CFA72 /* Info.plist */,
			);
			path = pristineUITests;
			sourceTree = "<group>";
		};
/* End PBXGroup section */

/* Begin PBXNativeTarget section */
		B0FEF6021E346ADF007CFA72 /* pristine */ = {
			isa = PBXNativeTarget;
			buildConfigurationList = B0FEF62B1E346ADF007CFA72 /* Build configuration list for PBXNativeTarget "pristine" */;
			buildPhases = (
				B0FEF5FF1E346ADF007CFA72 /* Sources */,
				B0FEF6001E346ADF007CFA72 /* Frameworks */,
				B0FEF6011E346ADF007CFA72 /* Resources */,
			);
			buildRules = (
			);
			dependencies = (
			);
			name = pristine;
			productName = pristine;
			productReference = B0FEF6031E346ADF007CFA72 /* pristine.app */;
			productType = "com.apple.product-type.application";
		};
		B0FEF6161E346ADF007CFA72 /* pristineTests */ = {
			isa = PBXNativeTarget;
			buildConfigurationList = B0FEF62E1E346ADF007CFA72 /* Build configuration list for PBXNativeTarget "pristineTests" */;
			buildPhases = (
				B0FEF6131E346ADF007CFA72 /* Sources */,
				B0FEF6141E346ADF007CFA72 /* Frameworks */,
				B0FEF6151E346ADF007CFA72 /* Resources */,
			);
			buildRules = (
			);
			dependencies = (
				B0FEF6191E346ADF007CFA72 /* PBXTargetDependency */,
			);
			name = pristineTests;
			productName = pristineTests;
			productReference = B0FEF6171E346ADF007CFA72 /* pristineTests.xctest */;
			productType = "com.apple.product-type.bundle.unit-test";
		};
		B0FEF6211E346ADF007CFA72 /* pristineUITests */ = {
			isa = PBXNativeTarget;
			buildConfigurationList = B0FEF6311E346ADF007CFA72 /* Build configuration list for PBXNativeTarget "pristineUITests" */;
			buildPhases = (
				B0FEF61E1E346ADF007CFA72 /* Sources */,
				B0FEF61F1E346ADF007CFA72 /* Frameworks */,
				B0FEF6201E346ADF007CFA72 /* Resources */,
			);
			buildRules = (
			);
			dependencies = (
				B0FEF6241E346ADF007CFA72 /* PBXTargetDependency */,
			);
			name = pristineUITests;
			productName = pristineUITests;
			productReference = B0FEF6221E346ADF007CFA72 /* pristineUITests.xctest */;
			productType = "com.apple.product-type.bundle.ui-testing";
		};
/* End PBXNativeTarget section */

/* Begin PBXProject section */
		B0FEF5FB1E346ADF007CFA72 /* Project object */ = {
			isa = PBXProject;
			attributes = {
				LastSwiftUpdateCheck = 0820;
				LastUpgradeCheck = 0820;
				ORGANIZATIONNAME = "Day Logger, Inc.";
				TargetAttributes = {
					B0FEF6021E346ADF007CFA72 = {
						CreatedOnToolsVersion = 8.2.1;
						DevelopmentTeam = L4Y7P64253;
						ProvisioningStyle = Automatic;
					};
					B0FEF6161E346ADF007CFA72 = {
						CreatedOnToolsVersion = 8.2.1;
						DevelopmentTeam = L4Y7P64253;
						ProvisioningStyle = Automatic;
						TestTargetID = B0FEF6021E346ADF007CFA72;
					};
					B0FEF6211E346ADF007CFA72 = {
						CreatedOnToolsVersion = 8.2.1;
						DevelopmentTeam = L4Y7P64253;
						ProvisioningStyle = Automatic;
						TestTargetID = B0FEF6021E346ADF007CFA72;
					};
				};
			};
			buildConfigurationList = B0FEF5FE1E346ADF007CFA72 /* Build configuration list for PBXProject "pristine" */;
			compatibilityVersion = "Xcode 3.2";
			developmentRegion = English;
			hasScannedForEncodings = 0;
			knownRegions = (
				en,
				Base,
			);
			mainGroup = B0FEF5FA1E346ADF007CFA72;
			productRefGroup = B0FEF6041E346ADF007CFA72 /* Products */;
			projectDirPath = "";
			projectRoot = "";
			targets = (
				B0FEF6021E346ADF007CFA72 /* pristine */,
				B0FEF6161E346ADF007CFA72 /* pristineTests */,
				B0FEF6211E346ADF007CFA72 /* pristineUITests */,
			);
		};
/* End PBXProject section */

/* Begin PBXResourcesBuildPhase section */
		B0FEF6011E346ADF007CFA72 /* Resources */ = {
			isa = PBXResourcesBuildPhase;
			buildActionMask = 2147483647;
			files = (
				B0FEF6111E346ADF007CFA72 /* LaunchScreen.storyboard in Resources */,
				B0FEF60E1E346ADF007CFA72 /* Assets.xcassets in Resources */,
				B0FEF60C1E346ADF007CFA72 /* Main.storyboard in Resources */,
			);
			runOnlyForDeploymentPostprocessing = 0;
		};
		B0FEF6151E346ADF007CFA72 /* Resources */ = {
			isa = PBXResourcesBuildPhase;
			buildActionMask = 2147483647;
			files = (
			);
			runOnlyForDeploymentPostprocessing = 0;
		};
		B0FEF6201E346ADF007CFA72 /* Resources */ = {
			isa = PBXResourcesBuildPhase;
			buildActionMask = 2147483647;
			files = (
			);
			runOnlyForDeploymentPostprocessing = 0;
		};
/* End PBXResourcesBuildPhase section */

/* Begin PBXSourcesBuildPhase section */
		B0FEF5FF1E346ADF007CFA72 /* Sources */ = {
			isa = PBXSourcesBuildPhase;
			buildActionMask = 2147483647;
			files = (
				B0FEF6091E346ADF007CFA72 /* ViewController.swift in Sources */,
				B0FEF6071E346ADF007CFA72 /* AppDelegate.swift in Sources */,
			);
			runOnlyForDeploymentPostprocessing = 0;
		};
		B0FEF6131E346ADF007CFA72 /* Sources */ = {
			isa = PBXSourcesBuildPhase;
			buildActionMask = 2147483647;
			files = (
				B0FEF61C1E346ADF007CFA72 /* pristineTests.swift in Sources */,
			);
			runOnlyForDeploymentPostprocessing = 0;
		};
		B0FEF61E1E346ADF007CFA72 /* Sources */ = {
			isa = PBXSourcesBuildPhase;
			buildActionMask = 2147483647;
			files = (
				B0FEF6271E346ADF007CFA72 /* pristineUITests.swift in Sources */,
			);
			runOnlyForDeploymentPostprocessing = 0;
		};
/* End PBXSourcesBuildPhase section */

/* Begin PBXTargetDependency section */
		B0FEF6191E346ADF007CFA72 /* PBXTargetDependency */ = {
			isa = PBXTargetDependency;
			target = B0FEF6021E346ADF007CFA72 /* pristine */;
			targetProxy = B0FEF6181E346ADF007CFA72 /* PBXContainerItemProxy */;
		};
		B0FEF6241E346ADF007CFA72 /* PBXTargetDependency */ = {
			isa = PBXTargetDependency;
			target = B0FEF6021E346ADF007CFA72 /* pristine */;
			targetProxy = B0FEF6231E346ADF007CFA72 /* PBXContainerItemProxy */;
		};
/* End PBXTargetDependency section */

/* Begin PBXVariantGroup section */
		B0FEF60A1E346ADF007CFA72 /* Main.storyboard */ = {
			isa = PBXVariantGroup;
			children = (
				B0FEF60B1E346ADF007CFA72 /* Base */,
			);
			name = Main.storyboard;
			sourceTree = "<group>";
		};
		B0FEF60F1E346ADF007CFA72 /* LaunchScreen.storyboard */ = {
			isa = PBXVariantGroup;
			children = (
				B0FEF6101E346ADF007CFA72 /* Base */,
			);
			name = LaunchScreen.storyboard;
			sourceTree = "<group>";
		};
/* End PBXVariantGroup section */

/* Begin XCBuildConfiguration section */
		B0FEF6291E346ADF007CFA72 /* Debug */ = {
			isa = XCBuildConfiguration;
			buildSettings = {
				ALWAYS_SEARCH_USER_PATHS = NO;
				CLANG_ANALYZER_NONNULL = YES;
				CLANG_CXX_LANGUAGE_STANDARD = "gnu++0x";
				CLANG_CXX_LIBRARY = "libc++";
				CLANG_ENABLE_MODULES = YES;
				CLANG_ENABLE_OBJC_ARC = YES;
				CLANG_WARN_BOOL_CONVERSION = YES;
				CLANG_WARN_CONSTANT_CONVERSION = YES;
				CLANG_WARN_DIRECT_OBJC_ISA_USAGE = YES_ERROR;
				CLANG_WARN_DOCUMENTATION_COMMENTS = YES;
				CLANG_WARN_EMPTY_BODY = YES;
				CLANG_WARN_ENUM_CONVERSION = YES;
				CLANG_WARN_INFINITE_RECURSION = YES;
				CLANG_WARN_INT_CONVERSION = YES;
				CLANG_WARN_OBJC_ROOT_CLASS = YES_ERROR;
				CLANG_WARN_SUSPICIOUS_MOVE = YES;
				CLANG_WARN_UNREACHABLE_CODE = YES;
				CLANG_WARN__DUPLICATE_METHOD_MATCH = YES;
				"CODE_SIGN_IDENTITY[sdk=iphoneos*]" = "iPhone Developer";
				COPY_PHASE_STRIP = NO;
				DEBUG_INFORMATION_FORMAT = dwarf;
				ENABLE_STRICT_OBJC_MSGSEND = YES;
				ENABLE_TESTABILITY = YES;
				GCC_C_LANGUAGE_STANDARD = gnu99;
				GCC_DYNAMIC_NO_PIC = NO;
				GCC_NO_COMMON_BLOCKS = YES;
				GCC_OPTIMIZATION_LEVEL = 0;
				GCC_PREPROCESSOR_DEFINITIONS = (
					"DEBUG=1",
					"$(inherited)",
				);
				GCC_WARN_64_TO_32_BIT_CONVERSION = YES;
				GCC_WARN_ABOUT_RETURN_TYPE = YES_ERROR;
				GCC_WARN_UNDECLARED_SELECTOR = YES;
				GCC_WARN_UNINITIALIZED_AUTOS = YES_AGGRESSIVE;
				GCC_WARN_UNUSED_FUNCTION = YES;
				GCC_WARN_UNUSED_VARIABLE = YES;
				IPHONEOS_DEPLOYMENT_TARGET = 10.2;
				MTL_ENABLE_DEBUG_INFO = YES;
				ONLY_ACTIVE_ARCH = YES;
				SDKROOT = iphoneos;
				SWIFT_ACTIVE_COMPILATION_CONDITIONS = DEBUG;
				SWIFT_OPTIMIZATION_LEVEL = "-Onone";
				TARGETED_DEVICE_FAMILY = "1,2";
			};
			name = Debug;
		};
		B0FEF62A1E346ADF007CFA72 /* Release */ = {
			isa = XCBuildConfiguration;
			buildSettings = {
				ALWAYS_SEARCH_USER_PATHS = NO;
				CLANG_ANALYZER_NONNULL = YES;
				CLANG_CXX_LANGUAGE_STANDARD = "gnu++0x";
				CLANG_CXX_LIBRARY = "libc++";
				CLANG_ENABLE_MODULES = YES;
				CLANG_ENABLE_OBJC_ARC = YES;
				CLANG_WARN_BOOL_CONVERSION = YES;
				CLANG_WARN_CONSTANT_CONVERSION = YES;
				CLANG_WARN_DIRECT_OBJC_ISA_USAGE = YES_ERROR;
				CLANG_WARN_DOCUMENTATION_COMMENTS = YES;
				CLANG_WARN_EMPTY_BODY = YES;
				CLANG_WARN_ENUM_CONVERSION = YES;
				CLANG_WARN_INFINITE_RECURSION = YES;
				CLANG_WARN_INT_CONVERSION = YES;
				CLANG_WARN_OBJC_ROOT_CLASS = YES_ERROR;
				CLANG_WARN_SUSPICIOUS_MOVE = YES;
				CLANG_WARN_UNREACHABLE_CODE = YES;
				CLANG_WARN__DUPLICATE_METHOD_MATCH = YES;
				"CODE_SIGN_IDENTITY[sdk=iphoneos*]" = "iPhone Developer";
				COPY_PHASE_STRIP = NO;
				DEBUG_INFORMATION_FORMAT = "dwarf-with-dsym";
				ENABLE_NS_ASSERTIONS = NO;
				ENABLE_STRICT_OBJC_MSGSEND = YES;
				GCC_C_LANGUAGE_STANDARD = gnu99;
				GCC_NO_COMMON_BLOCKS = YES;
				GCC_WARN_64_TO_32_BIT_CONVERSION = YES;
				GCC_WARN_ABOUT_RETURN_TYPE = YES_ERROR;
				GCC_WARN_UNDECLARED_SELECTOR = YES;
				GCC_WARN_UNINITIALIZED_AUTOS = YES_AGGRESSIVE;
				GCC_WARN_UNUSED_FUNCTION = YES;
				GCC_WARN_UNUSED_VARIABLE = YES;
				IPHONEOS_DEPLOYMENT_TARGET = 10.2;
				MTL_ENABLE_DEBUG_INFO = NO;
				SDKROOT = iphoneos;
				SWIFT_OPTIMIZATION_LEVEL = "-Owholemodule";
				TARGETED_DEVICE_FAMILY = "1,2";
				VALIDATE_PRODUCT = YES;
			};
			name = Release;
		};
		B0FEF62C1E346ADF007CFA72 /* Debug */ = {
			isa = XCBuildConfiguration;
			buildSettings = {
				ASSETCATALOG_COMPILER_APPICON_NAME = AppIcon;
				DEVELOPMENT_TEAM = L4Y7P64253;
				INFOPLIST_FILE = pristine/Info.plist;
				LD_RUNPATH_SEARCH_PATHS = "$(inherited) @executable_path/Frameworks";
				PRODUCT_BUNDLE_IDENTIFIER = com.daylogger.pristine;
				PRODUCT_NAME = "$(TARGET_NAME)";
				SWIFT_VERSION = 3.0;
			};
			name = Debug;
		};
		B0FEF62D1E346ADF007CFA72 /* Release */ = {
			isa = XCBuildConfiguration;
			buildSettings = {
				ASSETCATALOG_COMPILER_APPICON_NAME = AppIcon;
				DEVELOPMENT_TEAM = L4Y7P64253;
				INFOPLIST_FILE = pristine/Info.plist;
				LD_RUNPATH_SEARCH_PATHS = "$(inherited) @executable_path/Frameworks";
				PRODUCT_BUNDLE_IDENTIFIER = com.daylogger.pristine;
				PRODUCT_NAME = "$(TARGET_NAME)";
				SWIFT_VERSION = 3.0;
			};
			name = Release;
		};
		B0FEF62F1E346ADF007CFA72 /* Debug */ = {
			isa = XCBuildConfiguration;
			buildSettings = {
				ALWAYS_EMBED_SWIFT_STANDARD_LIBRARIES = YES;
				BUNDLE_LOADER = "$(TEST_HOST)";
				DEVELOPMENT_TEAM = L4Y7P64253;
				INFOPLIST_FILE = pristineTests/Info.plist;
				LD_RUNPATH_SEARCH_PATHS = "$(inherited) @executable_path/Frameworks @loader_path/Frameworks";
				PRODUCT_BUNDLE_IDENTIFIER = com.daylogger.pristineTests;
				PRODUCT_NAME = "$(TARGET_NAME)";
				SWIFT_VERSION = 3.0;
				TEST_HOST = "$(BUILT_PRODUCTS_DIR)/pristine.app/pristine";
			};
			name = Debug;
		};
		B0FEF6301E346ADF007CFA72 /* Release */ = {
			isa = XCBuildConfiguration;
			buildSettings = {
				ALWAYS_EMBED_SWIFT_STANDARD_LIBRARIES = YES;
				BUNDLE_LOADER = "$(TEST_HOST)";
				DEVELOPMENT_TEAM = L4Y7P64253;
				INFOPLIST_FILE = pristineTests/Info.plist;
				LD_RUNPATH_SEARCH_PATHS = "$(inherited) @executable_path/Frameworks @loader_path/Frameworks";
				PRODUCT_BUNDLE_IDENTIFIER = com.daylogger.pristineTests;
				PRODUCT_NAME = "$(TARGET_NAME)";
				SWIFT_VERSION = 3.0;
				TEST_HOST = "$(BUILT_PRODUCTS_DIR)/pristine.app/pristine";
			};
			name = Release;
		};
		B0FEF6321E346ADF007CFA72 /* Debug */ = {
			isa = XCBuildConfiguration;
			buildSettings = {
				ALWAYS_EMBED_SWIFT_STANDARD_LIBRARIES = YES;
				DEVELOPMENT_TEAM = L4Y7P64253;
				INFOPLIST_FILE = pristineUITests/Info.plist;
				LD_RUNPATH_SEARCH_PATHS = "$(inherited) @executable_path/Frameworks @loader_path/Frameworks";
				PRODUCT_BUNDLE_IDENTIFIER = com.daylogger.pristineUITests;
				PRODUCT_NAME = "$(TARGET_NAME)";
				SWIFT_VERSION = 3.0;
				TEST_TARGET_NAME = pristine;
			};
			name = Debug;
		};
		B0FEF6331E346ADF007CFA72 /* Release */ = {
			isa = XCBuildConfiguration;
			buildSettings = {
				ALWAYS_EMBED_SWIFT_STANDARD_LIBRARIES = YES;
				DEVELOPMENT_TEAM = L4Y7P64253;
				INFOPLIST_FILE = pristineUITests/Info.plist;
				LD_RUNPATH_SEARCH_PATHS = "$(inherited) @executable_path/Frameworks @loader_path/Frameworks";
				PRODUCT_BUNDLE_IDENTIFIER = com.daylogger.pristineUITests;
				PRODUCT_NAME = "$(TARGET_NAME)";
				SWIFT_VERSION = 3.0;
				TEST_TARGET_NAME = pristine;
			};
			name = Release;
		};
/* End XCBuildConfiguration section */

/* Begin XCConfigurationList section */
		B0FEF5FE1E346ADF007CFA72 /* Build configuration list for PBXProject "pristine" */ = {
			isa = XCConfigurationList;
			buildConfigurations = (
				B0FEF6291E346ADF007CFA72 /* Debug */,
				B0FEF62A1E346ADF007CFA72 /* Release */,
			);
			defaultConfigurationIsVisible = 0;
			defaultConfigurationName = Release;
		};
		B0FEF62B1E346ADF007CFA72 /* Build configuration list for PBXNativeTarget "pristine" */ = {
			isa = XCConfigurationList;
			buildConfigurations = (
				B0FEF62C1E346ADF007CFA72 /* Debug */,
				B0FEF62D1E346ADF007CFA72 /* Release */,
			);
			defaultConfigurationIsVisible = 0;
		};
		B0FEF62E1E346ADF007CFA72 /* Build configuration list for PBXNativeTarget "pristineTests" */ = {
			isa = XCConfigurationList;
			buildConfigurations = (
				B0FEF62F1E346ADF007CFA72 /* Debug */,
				B0FEF6301E346ADF007CFA72 /* Release */,
			);
			defaultConfigurationIsVisible = 0;
		};
		B0FEF6311E346ADF007CFA72 /* Build configuration list for PBXNativeTarget "pristineUITests" */ = {
			isa = XCConfigurationList;
			buildConfigurations = (
				B0FEF6321E346ADF007CFA72 /* Debug */,
				B0FEF6331E346ADF007CFA72 /* Release */,
			);
			defaultConfigurationIsVisible = 0;
		};
/* End XCConfigurationList section */
	};
	rootObject = B0FEF5FB1E346ADF007CFA72 /* Project object */;
}
