// !$*UTF8*$!
{
	archiveVersion = 1;
	classes = {
	};
	objectVersion = 46;
	objects = {

/* Begin PBXBuildFile section */
		B090629B1E348C47006F0C57 /* Marshal.framework in Frameworks */ = {isa = PBXBuildFile; fileRef = B090629A1E348C47006F0C57 /* Marshal.framework */; };
		B090629C1E348C47006F0C57 /* Marshal.framework in Embed Frameworks */ = {isa = PBXBuildFile; fileRef = B090629A1E348C47006F0C57 /* Marshal.framework */; settings = {ATTRIBUTES = (CodeSignOnCopy, RemoveHeadersOnCopy, ); }; };
		B090629F1E348C4D006F0C57 /* Reactor.framework in Frameworks */ = {isa = PBXBuildFile; fileRef = B090629E1E348C4D006F0C57 /* Reactor.framework */; };
		B09062A01E348C4D006F0C57 /* Reactor.framework in Embed Frameworks */ = {isa = PBXBuildFile; fileRef = B090629E1E348C4D006F0C57 /* Reactor.framework */; settings = {ATTRIBUTES = (CodeSignOnCopy, RemoveHeadersOnCopy, ); }; };
		B09062A21E348C52006F0C57 /* SwiftyBeaver.framework in Frameworks */ = {isa = PBXBuildFile; fileRef = B09062A11E348C52006F0C57 /* SwiftyBeaver.framework */; };
		B09062A31E348C52006F0C57 /* SwiftyBeaver.framework in Embed Frameworks */ = {isa = PBXBuildFile; fileRef = B09062A11E348C52006F0C57 /* SwiftyBeaver.framework */; settings = {ATTRIBUTES = (CodeSignOnCopy, RemoveHeadersOnCopy, ); }; };
		B09062A51E348C58006F0C57 /* Whisper.framework in Frameworks */ = {isa = PBXBuildFile; fileRef = B09062A41E348C58006F0C57 /* Whisper.framework */; };
		B09062A61E348C58006F0C57 /* Whisper.framework in Embed Frameworks */ = {isa = PBXBuildFile; fileRef = B09062A41E348C58006F0C57 /* Whisper.framework */; settings = {ATTRIBUTES = (CodeSignOnCopy, RemoveHeadersOnCopy, ); }; };
		B09062A91E348CD4006F0C57 /* AppState.swift in Sources */ = {isa = PBXBuildFile; fileRef = B09062A81E348CD4006F0C57 /* AppState.swift */; };
		B09062AB1E348D6F006F0C57 /* Main.swift in Sources */ = {isa = PBXBuildFile; fileRef = B09062AA1E348D6F006F0C57 /* Main.swift */; };
		B09062AE1E349473006F0C57 /* LoggingMiddleware.swift in Sources */ = {isa = PBXBuildFile; fileRef = B09062AD1E349473006F0C57 /* LoggingMiddleware.swift */; };
		B09062B01E34963B006F0C57 /* SwiftyBeaver+Configure.swift in Sources */ = {isa = PBXBuildFile; fileRef = B09062AF1E34963B006F0C57 /* SwiftyBeaver+Configure.swift */; };
		B09062B21E3497F1006F0C57 /* ErrorEvents.swift in Sources */ = {isa = PBXBuildFile; fileRef = B09062B11E3497F1006F0C57 /* ErrorEvents.swift */; };
		B09062B41E350EA7006F0C57 /* AppMiddleware.swift in Sources */ = {isa = PBXBuildFile; fileRef = B09062B31E350EA7006F0C57 /* AppMiddleware.swift */; };
		B0B29F6B1E6A236A0017A4F1 /* IGListKit.framework in Frameworks */ = {isa = PBXBuildFile; fileRef = B0B29F6A1E6A236A0017A4F1 /* IGListKit.framework */; };
		B0B29F6C1E6A236A0017A4F1 /* IGListKit.framework in Embed Frameworks */ = {isa = PBXBuildFile; fileRef = B0B29F6A1E6A236A0017A4F1 /* IGListKit.framework */; settings = {ATTRIBUTES = (CodeSignOnCopy, RemoveHeadersOnCopy, ); }; };
		B0B5E92C1E6A2D4400C2733D /* Request.swift in Sources */ = {isa = PBXBuildFile; fileRef = B0B5E92B1E6A2D4400C2733D /* Request.swift */; };
		B0CB63B21E381F090062A9E7 /* AppEvents.swift in Sources */ = {isa = PBXBuildFile; fileRef = B0CB63B11E381F090062A9E7 /* AppEvents.swift */; };
		B0CB63B41E3820050062A9E7 /* Keys.swift in Sources */ = {isa = PBXBuildFile; fileRef = B0CB63B31E3820050062A9E7 /* Keys.swift */; };
		B0CB63B61E3820DE0062A9E7 /* JSONObject+Extensions.swift in Sources */ = {isa = PBXBuildFile; fileRef = B0CB63B51E3820DE0062A9E7 /* JSONObject+Extensions.swift */; };
		B0CB63B81E3821A70062A9E7 /* BaseEvents.swift in Sources */ = {isa = PBXBuildFile; fileRef = B0CB63B71E3821A70062A9E7 /* BaseEvents.swift */; };
		B0FEF6071E346ADF007CFA72 /* App.swift in Sources */ = {isa = PBXBuildFile; fileRef = B0FEF6061E346ADF007CFA72 /* App.swift */; };
		B0FEF60C1E346ADF007CFA72 /* Main.storyboard in Resources */ = {isa = PBXBuildFile; fileRef = B0FEF60A1E346ADF007CFA72 /* Main.storyboard */; };
		B0FEF60E1E346ADF007CFA72 /* Assets.xcassets in Resources */ = {isa = PBXBuildFile; fileRef = B0FEF60D1E346ADF007CFA72 /* Assets.xcassets */; };
		B0FEF6111E346ADF007CFA72 /* LaunchScreen.storyboard in Resources */ = {isa = PBXBuildFile; fileRef = B0FEF60F1E346ADF007CFA72 /* LaunchScreen.storyboard */; };
		B0FEF61C1E346ADF007CFA72 /* pristineTests.swift in Sources */ = {isa = PBXBuildFile; fileRef = B0FEF61B1E346ADF007CFA72 /* pristineTests.swift */; };
		B0FEF6271E346ADF007CFA72 /* pristineUITests.swift in Sources */ = {isa = PBXBuildFile; fileRef = B0FEF6261E346ADF007CFA72 /* pristineUITests.swift */; };
/* End PBXBuildFile section */

/* Begin PBXContainerItemProxy section */
		B0FEF6181E346ADF007CFA72 /* PBXContainerItemProxy */ = {
			isa = PBXContainerItemProxy;
			containerPortal = B0FEF5FB1E346ADF007CFA72 /* Project object */;
			proxyType = 1;
			remoteGlobalIDString = B0FEF6021E346ADF007CFA72;
			remoteInfo = pristine;
		};
		B0FEF6231E346ADF007CFA72 /* PBXContainerItemProxy */ = {
			isa = PBXContainerItemProxy;
			containerPortal = B0FEF5FB1E346ADF007CFA72 /* Project object */;
			proxyType = 1;
			remoteGlobalIDString = B0FEF6021E346ADF007CFA72;
			remoteInfo = pristine;
		};
/* End PBXContainerItemProxy section */

/* Begin PBXCopyFilesBuildPhase section */
		B090629D1E348C47006F0C57 /* Embed Frameworks */ = {
			isa = PBXCopyFilesBuildPhase;
			buildActionMask = 2147483647;
			dstPath = "";
			dstSubfolderSpec = 10;
			files = (
				B090629C1E348C47006F0C57 /* Marshal.framework in Embed Frameworks */,
				B09062A31E348C52006F0C57 /* SwiftyBeaver.framework in Embed Frameworks */,
				B0B29F6C1E6A236A0017A4F1 /* IGListKit.framework in Embed Frameworks */,
				B09062A01E348C4D006F0C57 /* Reactor.framework in Embed Frameworks */,
				B09062A61E348C58006F0C57 /* Whisper.framework in Embed Frameworks */,
			);
			name = "Embed Frameworks";
			runOnlyForDeploymentPostprocessing = 0;
		};
/* End PBXCopyFilesBuildPhase section */

/* Begin PBXFileReference section */
		B090629A1E348C47006F0C57 /* Marshal.framework */ = {isa = PBXFileReference; explicitFileType = wrapper.framework; path = Marshal.framework; sourceTree = BUILT_PRODUCTS_DIR; };
		B090629E1E348C4D006F0C57 /* Reactor.framework */ = {isa = PBXFileReference; explicitFileType = wrapper.framework; path = Reactor.framework; sourceTree = BUILT_PRODUCTS_DIR; };
		B09062A11E348C52006F0C57 /* SwiftyBeaver.framework */ = {isa = PBXFileReference; explicitFileType = wrapper.framework; path = SwiftyBeaver.framework; sourceTree = BUILT_PRODUCTS_DIR; };
		B09062A41E348C58006F0C57 /* Whisper.framework */ = {isa = PBXFileReference; explicitFileType = wrapper.framework; path = Whisper.framework; sourceTree = BUILT_PRODUCTS_DIR; };
		B09062A81E348CD4006F0C57 /* AppState.swift */ = {isa = PBXFileReference; fileEncoding = 4; lastKnownFileType = sourcecode.swift; path = AppState.swift; sourceTree = "<group>"; };
		B09062AA1E348D6F006F0C57 /* Main.swift */ = {isa = PBXFileReference; fileEncoding = 4; lastKnownFileType = sourcecode.swift; path = Main.swift; sourceTree = "<group>"; };
		B09062AD1E349473006F0C57 /* LoggingMiddleware.swift */ = {isa = PBXFileReference; fileEncoding = 4; lastKnownFileType = sourcecode.swift; path = LoggingMiddleware.swift; sourceTree = "<group>"; };
		B09062AF1E34963B006F0C57 /* SwiftyBeaver+Configure.swift */ = {isa = PBXFileReference; fileEncoding = 4; lastKnownFileType = sourcecode.swift; path = "SwiftyBeaver+Configure.swift"; sourceTree = "<group>"; };
		B09062B11E3497F1006F0C57 /* ErrorEvents.swift */ = {isa = PBXFileReference; fileEncoding = 4; lastKnownFileType = sourcecode.swift; path = ErrorEvents.swift; sourceTree = "<group>"; };
		B09062B31E350EA7006F0C57 /* AppMiddleware.swift */ = {isa = PBXFileReference; fileEncoding = 4; lastKnownFileType = sourcecode.swift; path = AppMiddleware.swift; sourceTree = "<group>"; };
		B0B29F6A1E6A236A0017A4F1 /* IGListKit.framework */ = {isa = PBXFileReference; explicitFileType = wrapper.framework; path = IGListKit.framework; sourceTree = BUILT_PRODUCTS_DIR; };
		B0B5E92B1E6A2D4400C2733D /* Request.swift */ = {isa = PBXFileReference; fileEncoding = 4; lastKnownFileType = sourcecode.swift; path = Request.swift; sourceTree = "<group>"; };
		B0CB63B11E381F090062A9E7 /* AppEvents.swift */ = {isa = PBXFileReference; fileEncoding = 4; lastKnownFileType = sourcecode.swift; path = AppEvents.swift; sourceTree = "<group>"; };
		B0CB63B31E3820050062A9E7 /* Keys.swift */ = {isa = PBXFileReference; fileEncoding = 4; lastKnownFileType = sourcecode.swift; path = Keys.swift; sourceTree = "<group>"; };
		B0CB63B51E3820DE0062A9E7 /* JSONObject+Extensions.swift */ = {isa = PBXFileReference; fileEncoding = 4; lastKnownFileType = sourcecode.swift; path = "JSONObject+Extensions.swift"; sourceTree = "<group>"; };
		B0CB63B71E3821A70062A9E7 /* BaseEvents.swift */ = {isa = PBXFileReference; fileEncoding = 4; lastKnownFileType = sourcecode.swift; path = BaseEvents.swift; sourceTree = "<group>"; };
		B0FEF6031E346ADF007CFA72 /* pristine.app */ = {isa = PBXFileReference; explicitFileType = wrapper.application; includeInIndex = 0; path = pristine.app; sourceTree = BUILT_PRODUCTS_DIR; };
		B0FEF6061E346ADF007CFA72 /* App.swift */ = {isa = PBXFileReference; lastKnownFileType = sourcecode.swift; path = App.swift; sourceTree = "<group>"; };
		B0FEF60B1E346ADF007CFA72 /* Base */ = {isa = PBXFileReference; lastKnownFileType = file.storyboard; name = Base; path = Base.lproj/Main.storyboard; sourceTree = "<group>"; };
		B0FEF60D1E346ADF007CFA72 /* Assets.xcassets */ = {isa = PBXFileReference; lastKnownFileType = folder.assetcatalog; path = Assets.xcassets; sourceTree = "<group>"; };
		B0FEF6101E346ADF007CFA72 /* Base */ = {isa = PBXFileReference; lastKnownFileType = file.storyboard; name = Base; path = Base.lproj/LaunchScreen.storyboard; sourceTree = "<group>"; };
		B0FEF6121E346ADF007CFA72 /* Info.plist */ = {isa = PBXFileReference; lastKnownFileType = text.plist.xml; path = Info.plist; sourceTree = "<group>"; };
		B0FEF6171E346ADF007CFA72 /* pristineTests.xctest */ = {isa = PBXFileReference; explicitFileType = wrapper.cfbundle; includeInIndex = 0; path = pristineTests.xctest; sourceTree = BUILT_PRODUCTS_DIR; };
		B0FEF61B1E346ADF007CFA72 /* pristineTests.swift */ = {isa = PBXFileReference; lastKnownFileType = sourcecode.swift; path = pristineTests.swift; sourceTree = "<group>"; };
		B0FEF61D1E346ADF007CFA72 /* Info.plist */ = {isa = PBXFileReference; lastKnownFileType = text.plist.xml; path = Info.plist; sourceTree = "<group>"; };
		B0FEF6221E346ADF007CFA72 /* pristineUITests.xctest */ = {isa = PBXFileReference; explicitFileType = wrapper.cfbundle; includeInIndex = 0; path = pristineUITests.xctest; sourceTree = BUILT_PRODUCTS_DIR; };
		B0FEF6261E346ADF007CFA72 /* pristineUITests.swift */ = {isa = PBXFileReference; lastKnownFileType = sourcecode.swift; path = pristineUITests.swift; sourceTree = "<group>"; };
		B0FEF6281E346ADF007CFA72 /* Info.plist */ = {isa = PBXFileReference; lastKnownFileType = text.plist.xml; path = Info.plist; sourceTree = "<group>"; };
/* End PBXFileReference section */

/* Begin PBXFrameworksBuildPhase section */
		B0FEF6001E346ADF007CFA72 /* Frameworks */ = {
			isa = PBXFrameworksBuildPhase;
			buildActionMask = 2147483647;
			files = (
				B090629B1E348C47006F0C57 /* Marshal.framework in Frameworks */,
				B09062A21E348C52006F0C57 /* SwiftyBeaver.framework in Frameworks */,
				B0B29F6B1E6A236A0017A4F1 /* IGListKit.framework in Frameworks */,
				B090629F1E348C4D006F0C57 /* Reactor.framework in Frameworks */,
				B09062A51E348C58006F0C57 /* Whisper.framework in Frameworks */,
			);
			runOnlyForDeploymentPostprocessing = 0;
		};
		B0FEF6141E346ADF007CFA72 /* Frameworks */ = {
			isa = PBXFrameworksBuildPhase;
			buildActionMask = 2147483647;
			files = (
			);
			runOnlyForDeploymentPostprocessing = 0;
		};
		B0FEF61F1E346ADF007CFA72 /* Frameworks */ = {
			isa = PBXFrameworksBuildPhase;
			buildActionMask = 2147483647;
			files = (
			);
			runOnlyForDeploymentPostprocessing = 0;
		};
/* End PBXFrameworksBuildPhase section */

/* Begin PBXGroup section */
		B09062931E347BA0006F0C57 /* ... */ = {
			isa = PBXGroup;
			children = (
				B0FEF6041E346ADF007CFA72 /* Products */,
				B09062A71E348C67006F0C57 /* Frameworks */,
			);
			name = ...;
			sourceTree = "<group>";
		};
		B09062941E348B26006F0C57 /* Reactor */ = {
			isa = PBXGroup;
			children = (
				B09062951E348B36006F0C57 /* States */,
				B09062971E348B4A006F0C57 /* Events */,
				B09062961E348B44006F0C57 /* Commands */,
				B09062AC1E34943E006F0C57 /* Middleware */,
			);
			name = Reactor;
			sourceTree = "<group>";
		};
		B09062951E348B36006F0C57 /* States */ = {
			isa = PBXGroup;
			children = (
				B09062A81E348CD4006F0C57 /* AppState.swift */,
			);
			path = States;
			sourceTree = "<group>";
		};
		B09062961E348B44006F0C57 /* Commands */ = {
			isa = PBXGroup;
			children = (
			);
			path = Commands;
			sourceTree = "<group>";
		};
		B09062971E348B4A006F0C57 /* Events */ = {
			isa = PBXGroup;
			children = (
				B0CB63B71E3821A70062A9E7 /* BaseEvents.swift */,
				B0CB63B11E381F090062A9E7 /* AppEvents.swift */,
				B09062B11E3497F1006F0C57 /* ErrorEvents.swift */,
				B0B5E92B1E6A2D4400C2733D /* Request.swift */,
			);
			path = Events;
			sourceTree = "<group>";
		};
		B09062981E348B91006F0C57 /* Data */ = {
			isa = PBXGroup;
			children = (
			);
			path = Data;
			sourceTree = "<group>";
		};
		B09062991E348B9E006F0C57 /* Infrastructure */ = {
			isa = PBXGroup;
			children = (
				B0CB63B31E3820050062A9E7 /* Keys.swift */,
				B0CB63B51E3820DE0062A9E7 /* JSONObject+Extensions.swift */,
				B09062AF1E34963B006F0C57 /* SwiftyBeaver+Configure.swift */,
			);
			path = Infrastructure;
			sourceTree = "<group>";
		};
		B09062A71E348C67006F0C57 /* Frameworks */ = {
			isa = PBXGroup;
			children = (
				B0B29F6A1E6A236A0017A4F1 /* IGListKit.framework */,
				B09062A41E348C58006F0C57 /* Whisper.framework */,
				B09062A11E348C52006F0C57 /* SwiftyBeaver.framework */,
				B090629E1E348C4D006F0C57 /* Reactor.framework */,
				B090629A1E348C47006F0C57 /* Marshal.framework */,
			);
			name = Frameworks;
			sourceTree = "<group>";
		};
		B09062AC1E34943E006F0C57 /* Middleware */ = {
			isa = PBXGroup;
			children = (
				B09062B31E350EA7006F0C57 /* AppMiddleware.swift */,
				B09062AD1E349473006F0C57 /* LoggingMiddleware.swift */,
			);
			path = Middleware;
			sourceTree = "<group>";
		};
		B0FEF5FA1E346ADF007CFA72 = {
			isa = PBXGroup;
			children = (
				B0FEF6051E346ADF007CFA72 /* Sources */,
				B0FEF6351E346B6F007CFA72 /* Tests */,
				B09062931E347BA0006F0C57 /* ... */,
			);
			sourceTree = "<group>";
		};
		B0FEF6041E346ADF007CFA72 /* Products */ = {
			isa = PBXGroup;
			children = (
				B0FEF6031E346ADF007CFA72 /* pristine.app */,
				B0FEF6171E346ADF007CFA72 /* pristineTests.xctest */,
				B0FEF6221E346ADF007CFA72 /* pristineUITests.xctest */,
			);
			name = Products;
			sourceTree = "<group>";
		};
		B0FEF6051E346ADF007CFA72 /* Sources */ = {
			isa = PBXGroup;
			children = (
				B0FEF6061E346ADF007CFA72 /* App.swift */,
				B09062941E348B26006F0C57 /* Reactor */,
				B09062981E348B91006F0C57 /* Data */,
				B0FEF6361E346BF4007CFA72 /* UI */,
				B09062991E348B9E006F0C57 /* Infrastructure */,
				B0FEF6371E346BFE007CFA72 /* Resources */,
			);
			path = Sources;
			sourceTree = "<group>";
		};
		B0FEF61A1E346ADF007CFA72 /* Unit */ = {
			isa = PBXGroup;
			children = (
				B0FEF61B1E346ADF007CFA72 /* pristineTests.swift */,
				B0FEF61D1E346ADF007CFA72 /* Info.plist */,
			);
			name = Unit;
			path = Tests/Unit;
			sourceTree = "<group>";
		};
		B0FEF6251E346ADF007CFA72 /* UI */ = {
			isa = PBXGroup;
			children = (
				B0FEF6261E346ADF007CFA72 /* pristineUITests.swift */,
				B0FEF6281E346ADF007CFA72 /* Info.plist */,
			);
			name = UI;
			path = Tests/UI;
			sourceTree = "<group>";
		};
		B0FEF6351E346B6F007CFA72 /* Tests */ = {
			isa = PBXGroup;
			children = (
				B0FEF61A1E346ADF007CFA72 /* Unit */,
				B0FEF6251E346ADF007CFA72 /* UI */,
			);
			name = Tests;
			sourceTree = "<group>";
		};
		B0FEF6361E346BF4007CFA72 /* UI */ = {
			isa = PBXGroup;
			children = (
				B0FEF60A1E346ADF007CFA72 /* Main.storyboard */,
				B09062AA1E348D6F006F0C57 /* Main.swift */,
			);
			path = UI;
			sourceTree = "<group>";
		};
		B0FEF6371E346BFE007CFA72 /* Resources */ = {
			isa = PBXGroup;
			children = (
				B0FEF60D1E346ADF007CFA72 /* Assets.xcassets */,
				B0FEF60F1E346ADF007CFA72 /* LaunchScreen.storyboard */,
				B0FEF6121E346ADF007CFA72 /* Info.plist */,
			);
			path = Resources;
			sourceTree = "<group>";
		};
/* End PBXGroup section */

/* Begin PBXNativeTarget section */
		B0FEF6021E346ADF007CFA72 /* pristine */ = {
			isa = PBXNativeTarget;
			buildConfigurationList = B0FEF62B1E346ADF007CFA72 /* Build configuration list for PBXNativeTarget "pristine" */;
			buildPhases = (
				B0FEF5FF1E346ADF007CFA72 /* Sources */,
				B0FEF6001E346ADF007CFA72 /* Frameworks */,
				B0FEF6011E346ADF007CFA72 /* Resources */,
				B090629D1E348C47006F0C57 /* Embed Frameworks */,
			);
			buildRules = (
			);
			dependencies = (
			);
			name = pristine;
			productName = pristine;
			productReference = B0FEF6031E346ADF007CFA72 /* pristine.app */;
			productType = "com.apple.product-type.application";
		};
		B0FEF6161E346ADF007CFA72 /* pristineTests */ = {
			isa = PBXNativeTarget;
			buildConfigurationList = B0FEF62E1E346ADF007CFA72 /* Build configuration list for PBXNativeTarget "pristineTests" */;
			buildPhases = (
				B0FEF6131E346ADF007CFA72 /* Sources */,
				B0FEF6141E346ADF007CFA72 /* Frameworks */,
				B0FEF6151E346ADF007CFA72 /* Resources */,
			);
			buildRules = (
			);
			dependencies = (
				B0FEF6191E346ADF007CFA72 /* PBXTargetDependency */,
			);
			name = pristineTests;
			productName = pristineTests;
			productReference = B0FEF6171E346ADF007CFA72 /* pristineTests.xctest */;
			productType = "com.apple.product-type.bundle.unit-test";
		};
		B0FEF6211E346ADF007CFA72 /* pristineUITests */ = {
			isa = PBXNativeTarget;
			buildConfigurationList = B0FEF6311E346ADF007CFA72 /* Build configuration list for PBXNativeTarget "pristineUITests" */;
			buildPhases = (
				B0FEF61E1E346ADF007CFA72 /* Sources */,
				B0FEF61F1E346ADF007CFA72 /* Frameworks */,
				B0FEF6201E346ADF007CFA72 /* Resources */,
			);
			buildRules = (
			);
			dependencies = (
				B0FEF6241E346ADF007CFA72 /* PBXTargetDependency */,
			);
			name = pristineUITests;
			productName = pristineUITests;
			productReference = B0FEF6221E346ADF007CFA72 /* pristineUITests.xctest */;
			productType = "com.apple.product-type.bundle.ui-testing";
		};
/* End PBXNativeTarget section */

/* Begin PBXProject section */
		B0FEF5FB1E346ADF007CFA72 /* Project object */ = {
			isa = PBXProject;
			attributes = {
				LastSwiftUpdateCheck = 0820;
				LastUpgradeCheck = 0820;
				ORGANIZATIONNAME = "Day Logger, Inc.";
				TargetAttributes = {
					B0FEF6021E346ADF007CFA72 = {
						CreatedOnToolsVersion = 8.2.1;
						DevelopmentTeam = L4Y7P64253;
						ProvisioningStyle = Automatic;
					};
					B0FEF6161E346ADF007CFA72 = {
						CreatedOnToolsVersion = 8.2.1;
						DevelopmentTeam = L4Y7P64253;
						ProvisioningStyle = Automatic;
						TestTargetID = B0FEF6021E346ADF007CFA72;
					};
					B0FEF6211E346ADF007CFA72 = {
						CreatedOnToolsVersion = 8.2.1;
						DevelopmentTeam = L4Y7P64253;
						ProvisioningStyle = Automatic;
						TestTargetID = B0FEF6021E346ADF007CFA72;
					};
				};
			};
			buildConfigurationList = B0FEF5FE1E346ADF007CFA72 /* Build configuration list for PBXProject "pristine" */;
			compatibilityVersion = "Xcode 3.2";
			developmentRegion = English;
			hasScannedForEncodings = 0;
			knownRegions = (
				en,
				Base,
			);
			mainGroup = B0FEF5FA1E346ADF007CFA72;
			productRefGroup = B0FEF6041E346ADF007CFA72 /* Products */;
			projectDirPath = "";
			projectRoot = "";
			targets = (
				B0FEF6021E346ADF007CFA72 /* pristine */,
				B0FEF6161E346ADF007CFA72 /* pristineTests */,
				B0FEF6211E346ADF007CFA72 /* pristineUITests */,
			);
		};
/* End PBXProject section */

/* Begin PBXResourcesBuildPhase section */
		B0FEF6011E346ADF007CFA72 /* Resources */ = {
			isa = PBXResourcesBuildPhase;
			buildActionMask = 2147483647;
			files = (
				B0FEF6111E346ADF007CFA72 /* LaunchScreen.storyboard in Resources */,
				B0FEF60E1E346ADF007CFA72 /* Assets.xcassets in Resources */,
				B0FEF60C1E346ADF007CFA72 /* Main.storyboard in Resources */,
			);
			runOnlyForDeploymentPostprocessing = 0;
		};
		B0FEF6151E346ADF007CFA72 /* Resources */ = {
			isa = PBXResourcesBuildPhase;
			buildActionMask = 2147483647;
			files = (
			);
			runOnlyForDeploymentPostprocessing = 0;
		};
		B0FEF6201E346ADF007CFA72 /* Resources */ = {
			isa = PBXResourcesBuildPhase;
			buildActionMask = 2147483647;
			files = (
			);
			runOnlyForDeploymentPostprocessing = 0;
		};
/* End PBXResourcesBuildPhase section */

/* Begin PBXSourcesBuildPhase section */
		B0FEF5FF1E346ADF007CFA72 /* Sources */ = {
			isa = PBXSourcesBuildPhase;
			buildActionMask = 2147483647;
			files = (
				B0CB63B81E3821A70062A9E7 /* BaseEvents.swift in Sources */,
				B0B5E92C1E6A2D4400C2733D /* Request.swift in Sources */,
				B0CB63B21E381F090062A9E7 /* AppEvents.swift in Sources */,
				B09062B01E34963B006F0C57 /* SwiftyBeaver+Configure.swift in Sources */,
				B09062AB1E348D6F006F0C57 /* Main.swift in Sources */,
				B09062B21E3497F1006F0C57 /* ErrorEvents.swift in Sources */,
				B09062B41E350EA7006F0C57 /* AppMiddleware.swift in Sources */,
				B09062A91E348CD4006F0C57 /* AppState.swift in Sources */,
				B0CB63B61E3820DE0062A9E7 /* JSONObject+Extensions.swift in Sources */,
				B0FEF6071E346ADF007CFA72 /* App.swift in Sources */,
				B0CB63B41E3820050062A9E7 /* Keys.swift in Sources */,
				B09062AE1E349473006F0C57 /* LoggingMiddleware.swift in Sources */,
			);
			runOnlyForDeploymentPostprocessing = 0;
		};
		B0FEF6131E346ADF007CFA72 /* Sources */ = {
			isa = PBXSourcesBuildPhase;
			buildActionMask = 2147483647;
			files = (
				B0FEF61C1E346ADF007CFA72 /* pristineTests.swift in Sources */,
			);
			runOnlyForDeploymentPostprocessing = 0;
		};
		B0FEF61E1E346ADF007CFA72 /* Sources */ = {
			isa = PBXSourcesBuildPhase;
			buildActionMask = 2147483647;
			files = (
				B0FEF6271E346ADF007CFA72 /* pristineUITests.swift in Sources */,
			);
			runOnlyForDeploymentPostprocessing = 0;
		};
/* End PBXSourcesBuildPhase section */

/* Begin PBXTargetDependency section */
		B0FEF6191E346ADF007CFA72 /* PBXTargetDependency */ = {
			isa = PBXTargetDependency;
			target = B0FEF6021E346ADF007CFA72 /* pristine */;
			targetProxy = B0FEF6181E346ADF007CFA72 /* PBXContainerItemProxy */;
		};
		B0FEF6241E346ADF007CFA72 /* PBXTargetDependency */ = {
			isa = PBXTargetDependency;
			target = B0FEF6021E346ADF007CFA72 /* pristine */;
			targetProxy = B0FEF6231E346ADF007CFA72 /* PBXContainerItemProxy */;
		};
/* End PBXTargetDependency section */

/* Begin PBXVariantGroup section */
		B0FEF60A1E346ADF007CFA72 /* Main.storyboard */ = {
			isa = PBXVariantGroup;
			children = (
				B0FEF60B1E346ADF007CFA72 /* Base */,
			);
			name = Main.storyboard;
			path = /Users/timshadel/projects/sandbox/pristine/Sources;
			sourceTree = "<absolute>";
		};
		B0FEF60F1E346ADF007CFA72 /* LaunchScreen.storyboard */ = {
			isa = PBXVariantGroup;
			children = (
				B0FEF6101E346ADF007CFA72 /* Base */,
			);
			name = LaunchScreen.storyboard;
			path = /Users/timshadel/projects/sandbox/pristine/Sources;
			sourceTree = "<absolute>";
		};
/* End PBXVariantGroup section */

/* Begin XCBuildConfiguration section */
		B0FEF6291E346ADF007CFA72 /* Debug */ = {
			isa = XCBuildConfiguration;
			buildSettings = {
				ALWAYS_SEARCH_USER_PATHS = NO;
				CLANG_ANALYZER_NONNULL = YES;
				CLANG_CXX_LANGUAGE_STANDARD = "gnu++0x";
				CLANG_CXX_LIBRARY = "libc++";
				CLANG_ENABLE_MODULES = YES;
				CLANG_ENABLE_OBJC_ARC = YES;
				CLANG_WARN_BOOL_CONVERSION = YES;
				CLANG_WARN_CONSTANT_CONVERSION = YES;
				CLANG_WARN_DIRECT_OBJC_ISA_USAGE = YES_ERROR;
				CLANG_WARN_DOCUMENTATION_COMMENTS = YES;
				CLANG_WARN_EMPTY_BODY = YES;
				CLANG_WARN_ENUM_CONVERSION = YES;
				CLANG_WARN_INFINITE_RECURSION = YES;
				CLANG_WARN_INT_CONVERSION = YES;
				CLANG_WARN_OBJC_ROOT_CLASS = YES_ERROR;
				CLANG_WARN_SUSPICIOUS_MOVE = YES;
				CLANG_WARN_UNREACHABLE_CODE = YES;
				CLANG_WARN__DUPLICATE_METHOD_MATCH = YES;
				"CODE_SIGN_IDENTITY[sdk=iphoneos*]" = "iPhone Developer";
				COPY_PHASE_STRIP = NO;
				DEBUG_INFORMATION_FORMAT = dwarf;
				ENABLE_STRICT_OBJC_MSGSEND = YES;
				ENABLE_TESTABILITY = YES;
				GCC_C_LANGUAGE_STANDARD = gnu99;
				GCC_DYNAMIC_NO_PIC = NO;
				GCC_NO_COMMON_BLOCKS = YES;
				GCC_OPTIMIZATION_LEVEL = 0;
				GCC_PREPROCESSOR_DEFINITIONS = (
					"DEBUG=1",
					"$(inherited)",
				);
				GCC_WARN_64_TO_32_BIT_CONVERSION = YES;
				GCC_WARN_ABOUT_RETURN_TYPE = YES_ERROR;
				GCC_WARN_UNDECLARED_SELECTOR = YES;
				GCC_WARN_UNINITIALIZED_AUTOS = YES_AGGRESSIVE;
				GCC_WARN_UNUSED_FUNCTION = YES;
				GCC_WARN_UNUSED_VARIABLE = YES;
				IPHONEOS_DEPLOYMENT_TARGET = 10.2;
				MTL_ENABLE_DEBUG_INFO = YES;
				ONLY_ACTIVE_ARCH = YES;
				SDKROOT = iphoneos;
				SWIFT_ACTIVE_COMPILATION_CONDITIONS = DEBUG;
				SWIFT_OPTIMIZATION_LEVEL = "-Onone";
				TARGETED_DEVICE_FAMILY = "1,2";
			};
			name = Debug;
		};
		B0FEF62A1E346ADF007CFA72 /* Release */ = {
			isa = XCBuildConfiguration;
			buildSettings = {
				ALWAYS_SEARCH_USER_PATHS = NO;
				CLANG_ANALYZER_NONNULL = YES;
				CLANG_CXX_LANGUAGE_STANDARD = "gnu++0x";
				CLANG_CXX_LIBRARY = "libc++";
				CLANG_ENABLE_MODULES = YES;
				CLANG_ENABLE_OBJC_ARC = YES;
				CLANG_WARN_BOOL_CONVERSION = YES;
				CLANG_WARN_CONSTANT_CONVERSION = YES;
				CLANG_WARN_DIRECT_OBJC_ISA_USAGE = YES_ERROR;
				CLANG_WARN_DOCUMENTATION_COMMENTS = YES;
				CLANG_WARN_EMPTY_BODY = YES;
				CLANG_WARN_ENUM_CONVERSION = YES;
				CLANG_WARN_INFINITE_RECURSION = YES;
				CLANG_WARN_INT_CONVERSION = YES;
				CLANG_WARN_OBJC_ROOT_CLASS = YES_ERROR;
				CLANG_WARN_SUSPICIOUS_MOVE = YES;
				CLANG_WARN_UNREACHABLE_CODE = YES;
				CLANG_WARN__DUPLICATE_METHOD_MATCH = YES;
				"CODE_SIGN_IDENTITY[sdk=iphoneos*]" = "iPhone Developer";
				COPY_PHASE_STRIP = NO;
				DEBUG_INFORMATION_FORMAT = "dwarf-with-dsym";
				ENABLE_NS_ASSERTIONS = NO;
				ENABLE_STRICT_OBJC_MSGSEND = YES;
				GCC_C_LANGUAGE_STANDARD = gnu99;
				GCC_NO_COMMON_BLOCKS = YES;
				GCC_WARN_64_TO_32_BIT_CONVERSION = YES;
				GCC_WARN_ABOUT_RETURN_TYPE = YES_ERROR;
				GCC_WARN_UNDECLARED_SELECTOR = YES;
				GCC_WARN_UNINITIALIZED_AUTOS = YES_AGGRESSIVE;
				GCC_WARN_UNUSED_FUNCTION = YES;
				GCC_WARN_UNUSED_VARIABLE = YES;
				IPHONEOS_DEPLOYMENT_TARGET = 10.2;
				MTL_ENABLE_DEBUG_INFO = NO;
				SDKROOT = iphoneos;
				SWIFT_OPTIMIZATION_LEVEL = "-Owholemodule";
				TARGETED_DEVICE_FAMILY = "1,2";
				VALIDATE_PRODUCT = YES;
			};
			name = Release;
		};
		B0FEF62C1E346ADF007CFA72 /* Debug */ = {
			isa = XCBuildConfiguration;
			buildSettings = {
				ASSETCATALOG_COMPILER_APPICON_NAME = AppIcon;
				DEVELOPMENT_TEAM = L4Y7P64253;
				INFOPLIST_FILE = Sources/Resources/Info.plist;
				LD_RUNPATH_SEARCH_PATHS = "$(inherited) @executable_path/Frameworks";
				PRODUCT_BUNDLE_IDENTIFIER = com.daylogger.pristine;
				PRODUCT_NAME = "$(TARGET_NAME)";
				SWIFT_VERSION = 3.0;
			};
			name = Debug;
		};
		B0FEF62D1E346ADF007CFA72 /* Release */ = {
			isa = XCBuildConfiguration;
			buildSettings = {
				ASSETCATALOG_COMPILER_APPICON_NAME = AppIcon;
				DEVELOPMENT_TEAM = L4Y7P64253;
				INFOPLIST_FILE = Sources/Resources/Info.plist;
				LD_RUNPATH_SEARCH_PATHS = "$(inherited) @executable_path/Frameworks";
				PRODUCT_BUNDLE_IDENTIFIER = com.daylogger.pristine;
				PRODUCT_NAME = "$(TARGET_NAME)";
				SWIFT_VERSION = 3.0;
			};
			name = Release;
		};
		B0FEF62F1E346ADF007CFA72 /* Debug */ = {
			isa = XCBuildConfiguration;
			buildSettings = {
				ALWAYS_EMBED_SWIFT_STANDARD_LIBRARIES = YES;
				BUNDLE_LOADER = "$(TEST_HOST)";
				DEVELOPMENT_TEAM = L4Y7P64253;
				INFOPLIST_FILE = Tests/Unit/Info.plist;
				LD_RUNPATH_SEARCH_PATHS = "$(inherited) @executable_path/Frameworks @loader_path/Frameworks";
				PRODUCT_BUNDLE_IDENTIFIER = com.daylogger.pristineTests;
				PRODUCT_NAME = "$(TARGET_NAME)";
				SWIFT_VERSION = 3.0;
				TEST_HOST = "$(BUILT_PRODUCTS_DIR)/pristine.app/pristine";
			};
			name = Debug;
		};
		B0FEF6301E346ADF007CFA72 /* Release */ = {
			isa = XCBuildConfiguration;
			buildSettings = {
				ALWAYS_EMBED_SWIFT_STANDARD_LIBRARIES = YES;
				BUNDLE_LOADER = "$(TEST_HOST)";
				DEVELOPMENT_TEAM = L4Y7P64253;
				INFOPLIST_FILE = Tests/Unit/Info.plist;
				LD_RUNPATH_SEARCH_PATHS = "$(inherited) @executable_path/Frameworks @loader_path/Frameworks";
				PRODUCT_BUNDLE_IDENTIFIER = com.daylogger.pristineTests;
				PRODUCT_NAME = "$(TARGET_NAME)";
				SWIFT_VERSION = 3.0;
				TEST_HOST = "$(BUILT_PRODUCTS_DIR)/pristine.app/pristine";
			};
			name = Release;
		};
		B0FEF6321E346ADF007CFA72 /* Debug */ = {
			isa = XCBuildConfiguration;
			buildSettings = {
				ALWAYS_EMBED_SWIFT_STANDARD_LIBRARIES = YES;
				DEVELOPMENT_TEAM = L4Y7P64253;
				INFOPLIST_FILE = Tests/UI/Info.plist;
				LD_RUNPATH_SEARCH_PATHS = "$(inherited) @executable_path/Frameworks @loader_path/Frameworks";
				PRODUCT_BUNDLE_IDENTIFIER = com.daylogger.pristineUITests;
				PRODUCT_NAME = "$(TARGET_NAME)";
				SWIFT_VERSION = 3.0;
				TEST_TARGET_NAME = pristine;
			};
			name = Debug;
		};
		B0FEF6331E346ADF007CFA72 /* Release */ = {
			isa = XCBuildConfiguration;
			buildSettings = {
				ALWAYS_EMBED_SWIFT_STANDARD_LIBRARIES = YES;
				DEVELOPMENT_TEAM = L4Y7P64253;
				INFOPLIST_FILE = Tests/UI/Info.plist;
				LD_RUNPATH_SEARCH_PATHS = "$(inherited) @executable_path/Frameworks @loader_path/Frameworks";
				PRODUCT_BUNDLE_IDENTIFIER = com.daylogger.pristineUITests;
				PRODUCT_NAME = "$(TARGET_NAME)";
				SWIFT_VERSION = 3.0;
				TEST_TARGET_NAME = pristine;
			};
			name = Release;
		};
/* End XCBuildConfiguration section */

/* Begin XCConfigurationList section */
		B0FEF5FE1E346ADF007CFA72 /* Build configuration list for PBXProject "pristine" */ = {
			isa = XCConfigurationList;
			buildConfigurations = (
				B0FEF6291E346ADF007CFA72 /* Debug */,
				B0FEF62A1E346ADF007CFA72 /* Release */,
			);
			defaultConfigurationIsVisible = 0;
			defaultConfigurationName = Release;
		};
		B0FEF62B1E346ADF007CFA72 /* Build configuration list for PBXNativeTarget "pristine" */ = {
			isa = XCConfigurationList;
			buildConfigurations = (
				B0FEF62C1E346ADF007CFA72 /* Debug */,
				B0FEF62D1E346ADF007CFA72 /* Release */,
			);
			defaultConfigurationIsVisible = 0;
			defaultConfigurationName = Release;
		};
		B0FEF62E1E346ADF007CFA72 /* Build configuration list for PBXNativeTarget "pristineTests" */ = {
			isa = XCConfigurationList;
			buildConfigurations = (
				B0FEF62F1E346ADF007CFA72 /* Debug */,
				B0FEF6301E346ADF007CFA72 /* Release */,
			);
			defaultConfigurationIsVisible = 0;
			defaultConfigurationName = Release;
		};
		B0FEF6311E346ADF007CFA72 /* Build configuration list for PBXNativeTarget "pristineUITests" */ = {
			isa = XCConfigurationList;
			buildConfigurations = (
				B0FEF6321E346ADF007CFA72 /* Debug */,
				B0FEF6331E346ADF007CFA72 /* Release */,
			);
			defaultConfigurationIsVisible = 0;
			defaultConfigurationName = Release;
		};
/* End XCConfigurationList section */
	};
	rootObject = B0FEF5FB1E346ADF007CFA72 /* Project object */;
}
